<Solution>
  <Folder Name="/src/">
    <Project Path="src/TacticusPlanner.Api/TacticusPlanner.Api.csproj" />
    <Project Path="src/TacticusPlanner.Domain/TacticusPlanner.Domain.csproj" />
    <Project Path="src/TacticusPlanner.GameCatalog/TacticusPlanner.GameCatalog.csproj" />
    <Project Path="src/TacticusPlanner.GameDomain/TacticusPlanner.GameDomain.csproj" />
    <Project Path="src/TacticusPlanner.Persistence/TacticusPlanner.Persistence.csproj" />
    <Project Path="src/TacticusPlanner.TacticusApi/TacticusPlanner.TacticusApi.csproj" />
  </Folder>
  <Folder Name="/orchestration/">
    <Project Path="orchestration/TacticusPlanner.AppHost/TacticusPlanner.AppHost.csproj" />
    <Project Path="orchestration/TacticusPlanner.ServiceDefaults/TacticusPlanner.ServiceDefaults.csproj" />
  </Folder>
  <Folder Name="/tests/">
    <Project Path="tests/TacticusPlanner.Api.Tests/TacticusPlanner.Api.Tests.csproj" />
    <Project Path="tests/TacticusPlanner.GameCatalog.Tests/TacticusPlanner.GameCatalog.Tests.csproj" />
    <Project Path="tests/TacticusPlanner.Persistence.IntegrationTests/TacticusPlanner.Persistence.IntegrationTests.csproj" />
  </Folder>
</Solution>
